
Microsoft Visual Studio Solution File, Format Version 12.00
Project("{FAE04EC0-301F-11D3-BF4B-00C04F79EFBC}") = "Leftware.Bootstrapper", "Leftware.Bootstrapper\Leftware.Bootstrapper.csproj", "{B1C54D09-A3F3-4DD1-8072-EAED8FD4AAB0}"
EndProject
Project("{FAE04EC0-301F-11D3-BF4B-00C04F79EFBC}") = "Leftware.Infrastructure", "Leftware.Infrastructure\Leftware.Infrastructure.csproj", "{FF839B63-7328-46F3-A4FE-58583379E2E3}"
EndProject
Project("{FAE04EC0-301F-11D3-BF4B-00C04F79EFBC}") = "Leftware.Plugins", "Leftware.Plugins\Leftware.Plugins.csproj", "{9EAECD47-4C9C-4125-BD95-AACC51E8B631}"
EndProject
Project("{FAE04EC0-301F-11D3-BF4B-00C04F79EFBC}") = "Leftware.Plugin.Sample", "Leftware.Plugin.Sample\Leftware.Plugin.Sample.csproj", "{CBCB8501-D595-4E43-8767-264483D470C5}"
EndProject
Global
	GlobalSection(SolutionConfigurationPlatforms) = preSolution
		Debug|Any CPU = Debug|Any CPU
		Release|Any CPU = Release|Any CPU
	EndGlobalSection
	GlobalSection(ProjectConfigurationPlatforms) = postSolution
		{B1C54D09-A3F3-4DD1-8072-EAED8FD4AAB0}.Debug|Any CPU.ActiveCfg = Debug|Any CPU
		{B1C54D09-A3F3-4DD1-8072-EAED8FD4AAB0}.Debug|Any CPU.Build.0 = Debug|Any CPU
		{B1C54D09-A3F3-4DD1-8072-EAED8FD4AAB0}.Release|Any CPU.ActiveCfg = Release|Any CPU
		{B1C54D09-A3F3-4DD1-8072-EAED8FD4AAB0}.Release|Any CPU.Build.0 = Release|Any CPU
		{FF839B63-7328-46F3-A4FE-58583379E2E3}.Debug|Any CPU.ActiveCfg = Debug|Any CPU
		{FF839B63-7328-46F3-A4FE-58583379E2E3}.Debug|Any CPU.Build.0 = Debug|Any CPU
		{FF839B63-7328-46F3-A4FE-58583379E2E3}.Release|Any CPU.ActiveCfg = Release|Any CPU
		{FF839B63-7328-46F3-A4FE-58583379E2E3}.Release|Any CPU.Build.0 = Release|Any CPU
		{9EAECD47-4C9C-4125-BD95-AACC51E8B631}.Debug|Any CPU.ActiveCfg = Debug|Any CPU
		{9EAECD47-4C9C-4125-BD95-AACC51E8B631}.Debug|Any CPU.Build.0 = Debug|Any CPU
		{9EAECD47-4C9C-4125-BD95-AACC51E8B631}.Release|Any CPU.ActiveCfg = Release|Any CPU
		{9EAECD47-4C9C-4125-BD95-AACC51E8B631}.Release|Any CPU.Build.0 = Release|Any CPU
		{CBCB8501-D595-4E43-8767-264483D470C5}.Debug|Any CPU.ActiveCfg = Debug|Any CPU
		{CBCB8501-D595-4E43-8767-264483D470C5}.Debug|Any CPU.Build.0 = Debug|Any CPU
		{CBCB8501-D595-4E43-8767-264483D470C5}.Release|Any CPU.ActiveCfg = Release|Any CPU
		{CBCB8501-D595-4E43-8767-264483D470C5}.Release|Any CPU.Build.0 = Release|Any CPU
	EndGlobalSection
EndGlobal
